<?xml version="1.0" encoding="utf-8"?>
<Project ToolsVersion="4.0" xmlns="http://schemas.microsoft.com/developer/msbuild/2003">
  <ItemGroup>
    <Filter Include="Source Files">
      <UniqueIdentifier>{4FC737F1-C7A5-4376-A066-2A32D752A2FF}</UniqueIdentifier>
      <Extensions>cpp;c;cc;cxx;c++;def;odl;idl;hpj;bat;asm;asmx</Extensions>
    </Filter>
    <Filter Include="Header Files">
      <UniqueIdentifier>{93995380-89BD-4b04-88EB-625FBE52EBFB}</UniqueIdentifier>
      <Extensions>h;hh;hpp;hxx;h++;hm;inl;inc;ipp;xsd</Extensions>
    </Filter>
    <Filter Include="Resource Files">
      <UniqueIdentifier>{67DA6AB6-F800-4c08-8B7A-83BB121AAD01}</UniqueIdentifier>
      <Extensions>rc;ico;cur;bmp;dlg;rc2;rct;bin;rgs;gif;jpg;jpeg;jpe;resx;tiff;tif;png;wav;mfcribbon-ms</Extensions>
    </Filter>
    <Filter Include="Source Files\cppspmd">
      <UniqueIdentifier>{3c41db9e-f72b-4fde-8adc-d2040338f4c2}</UniqueIdentifier>
    </Filter>
    <Filter Include="Source Files\kernels">
      <UniqueIdentifier>{fb6918f3-bab4-48ba-aa79-c9517bd31c87}</UniqueIdentifier>
    </Filter>
  </ItemGroup>
  <ItemGroup>
    <ClCompile Include="test.cpp">
      <Filter>Source Files</Filter>
    </ClCompile>
    <ClCompile Include="kernels_avx_512.cpp">
      <Filter>Source Files\kernels</Filter>
    </ClCompile>
    <ClCompile Include="kernels_avx1.cpp">
      <Filter>Source Files\kernels</Filter>
    </ClCompile>
    <ClCompile Include="kernels_avx1_alt.cpp">
      <Filter>Source Files\kernels</Filter>
    </ClCompile>
    <ClCompile Include="kernels_avx2_fma.cpp">
      <Filter>Source Files\kernels</Filter>
    </ClCompile>
    <ClCompile Include="kernels_float4.cpp">
      <Filter>Source Files\kernels</Filter>
    </ClCompile>
    <ClCompile Include="kernels_int16_avx2_fma.cpp">
      <Filter>Source Files\kernels</Filter>
    </ClCompile>
    <ClCompile Include="kernels_sse2.cpp">
      <Filter>Source Files\kernels</Filter>
    </ClCompile>
    <ClCompile Include="kernels_sse41.cpp">
      <Filter>Source Files\kernels</Filter>
    </ClCompile>
    <ClCompile Include="ao_serial.cpp">
      <Filter>Source Files</Filter>
    </ClCompile>
  </ItemGroup>
  <ItemGroup>
    <ClInclude Include="cppspmd_avx1.h">
      <Filter>Source Files\cppspmd</Filter>
    </ClInclude>
    <ClInclude Include="cppspmd_avx2.h">
      <Filter>Source Files\cppspmd</Filter>
    </ClInclude>
    <ClInclude Include="cppspmd_avx512.h">
      <Filter>Source Files\cppspmd</Filter>
    </ClInclude>
    <ClInclude Include="cppspmd_float4.h">
      <Filter>Source Files\cppspmd</Filter>
    </ClInclude>
    <ClInclude Include="cppspmd_flow.h">
      <Filter>Source Files\cppspmd</Filter>
    </ClInclude>
    <ClInclude Include="cppspmd_int16_avx2_fma.h">
      <Filter>Source Files\cppspmd</Filter>
    </ClInclude>
    <ClInclude Include="cppspmd_math.h">
      <Filter>Source Files\cppspmd</Filter>
    </ClInclude>
    <ClInclude Include="cppspmd_math_declares.h">
      <Filter>Source Files\cppspmd</Filter>
    </ClInclude>
    <ClInclude Include="cppspmd_sincos.h">
      <Filter>Source Files\cppspmd</Filter>
    </ClInclude>
    <ClInclude Include="cppspmd_sse.h">
      <Filter>Source Files\cppspmd</Filter>
    </ClInclude>
    <ClInclude Include="cppspmd_type_aliases.h">
      <Filter>Source Files\cppspmd</Filter>
    </ClInclude>
    <ClInclude Include="test_kernel_imp.h">
      <Filter>Source Files\kernels</Filter>
    </ClInclude>
    <ClInclude Include="test_kernel_declares.h">
      <Filter>Source Files\kernels</Filter>
    </ClInclude>
    <ClInclude Include="rt_kernel_imp.h">
      <Filter>Source Files\kernels</Filter>
    </ClInclude>
    <ClInclude Include="rt_kernel_declares.h">
      <Filter>Source Files\kernels</Filter>
    </ClInclude>
    <ClInclude Include="mandelbrot_imp.h">
      <Filter>Source Files\kernels</Filter>
    </ClInclude>
    <ClInclude Include="mandelbrot_declares.h">
      <Filter>Source Files\kernels</Filter>
    </ClInclude>
    <ClInclude Include="simple_imp.h">
      <Filter>Source Files\kernels</Filter>
    </ClInclude>
    <ClInclude Include="simple_declares.h">
      <Filter>Source Files\kernels</Filter>
    </ClInclude>
    <ClInclude Include="volume_kernel_declares.h">
      <Filter>Source Files\kernels</Filter>
    </ClInclude>
    <ClInclude Include="volume_kernel_imp.h">
      <Filter>Source Files\kernels</Filter>
    </ClInclude>
    <ClInclude Include="noise_kernel_declares.h">
      <Filter>Source Files\kernels</Filter>
    </ClInclude>
    <ClInclude Include="noise_kernel_imp.h">
      <Filter>Source Files\kernels</Filter>
    </ClInclude>
    <ClInclude Include="options_imp.h">
      <Filter>Source Files\kernels</Filter>
    </ClInclude>
    <ClInclude Include="options_declares.h">
      <Filter>Source Files\kernels</Filter>
    </ClInclude>
    <ClInclude Include="ao_bench_imp.h">
      <Filter>Source Files\kernels</Filter>
    </ClInclude>
    <ClInclude Include="ao_bench_declares.h">
      <Filter>Source Files\kernels</Filter>
    </ClInclude>
  </ItemGroup>
</Project>